
Microsoft Visual Studio Solution File, Format Version 12.00
# Visual Studio Version 16
VisualStudioVersion = 16.0.29326.143
MinimumVisualStudioVersion = 10.0.40219.1
Project("{2150E333-8FDC-42A3-9474-1A3956D46DE8}") = "src", "src", "{EE26BDD8-E577-4309-80DD-BC0F832BEF9C}"
EndProject
Project("{2150E333-8FDC-42A3-9474-1A3956D46DE8}") = "Core", "Core", "{2895E2CA-B8C5-46C6-A406-E40155DC31CB}"
EndProject
Project("{2150E333-8FDC-42A3-9474-1A3956D46DE8}") = "Api", "Api", "{191E225F-6FC3-404F-97F1-9D351780597C}"
EndProject
Project("{2150E333-8FDC-42A3-9474-1A3956D46DE8}") = "Domain", "Domain", "{FA00FE91-55FB-4A01-858C-6E6A4637DF9A}"
EndProject
Project("{9A19103F-16F7-4668-BE54-9A1E7A4F7556}") = "Domain", "Core\Domain\Domain.csproj", "{008A7BE1-D4AC-4F7A-AA24-7A74D355908D}"
EndProject
Project("{2150E333-8FDC-42A3-9474-1A3956D46DE8}") = "BackgroundTasks", "BackgroundTasks", "{73E0E3AC-7F1F-45A6-8939-18E21008A791}"
EndProject
Project("{2150E333-8FDC-42A3-9474-1A3956D46DE8}") = "Infrastructure", "Infrastructure", "{25955940-C9D4-4EE8-8DE2-F603EE422AE8}"
EndProject
Project("{9A19103F-16F7-4668-BE54-9A1E7A4F7556}") = "Infrastructure", "Core\Infrastructure\Infrastructure.csproj", "{E456C1D6-45C9-4E3A-B60D-05B342A735A7}"
EndProject
Project("{2150E333-8FDC-42A3-9474-1A3956D46DE8}") = "NeuralNetwork", "NeuralNetwork", "{41025D56-ECD4-4A59-8840-E120851A7F81}"
EndProject
Project("{2150E333-8FDC-42A3-9474-1A3956D46DE8}") = "UnitTests", "UnitTests", "{AA570ACC-0A98-473F-9394-B2DD0353E519}"
EndProject
Project("{9A19103F-16F7-4668-BE54-9A1E7A4F7556}") = "DomainTests", "Core\UnitTests\DomainTests.csproj", "{7304827C-326A-47AC-ACB3-AF291BFB0C6F}"
EndProject
Project("{2150E333-8FDC-42A3-9474-1A3956D46DE8}") = "Simulator", "Simulator", "{37E56691-EC8A-4290-8F74-F231272E8C16}"
EndProject
Project("{2150E333-8FDC-42A3-9474-1A3956D46DE8}") = "FunctionalTest", "FunctionalTest", "{0387D9BF-F036-4E75-98F6-5F0F009E14B7}"
EndProject
Project("{9A19103F-16F7-4668-BE54-9A1E7A4F7556}") = "Api", "Core\Api\Api.csproj", "{653A3C9B-736B-476D-BC51-F10A318CF014}"
EndProject
Project("{9A19103F-16F7-4668-BE54-9A1E7A4F7556}") = "FunctionalTests", "Core\FunctionalTests\FunctionalTests.csproj", "{9B918926-C52F-4D94-8FED-7ECE71737645}"
EndProject
Project("{9A19103F-16F7-4668-BE54-9A1E7A4F7556}") = "NeuralNetwork", "Core\NeuralNetwork\NeuralNetwork.csproj", "{F3A2E39D-DEA1-4286-8B5F-0515D7B9A613}"
EndProject
Project("{9A19103F-16F7-4668-BE54-9A1E7A4F7556}") = "BackgroundTasks", "Core\BackgroundTasks\BackgroundTasks.csproj", "{0A08B986-DE8A-4386-A5E6-602389C3E6F4}"
EndProject
Project("{9A19103F-16F7-4668-BE54-9A1E7A4F7556}") = "StrategySimulator", "Core\Simulator\StrategySimulator.csproj", "{3283AA5E-40F4-4CEE-8A8E-697A1FE9D577}"
EndProject
Global
	GlobalSection(SolutionConfigurationPlatforms) = preSolution
		Debug|Any CPU = Debug|Any CPU
		Debug|x64 = Debug|x64
		Release|Any CPU = Release|Any CPU
		Release|x64 = Release|x64
	EndGlobalSection
	GlobalSection(ProjectConfigurationPlatforms) = postSolution
		{008A7BE1-D4AC-4F7A-AA24-7A74D355908D}.Debug|Any CPU.ActiveCfg = Debug|Any CPU
		{008A7BE1-D4AC-4F7A-AA24-7A74D355908D}.Debug|Any CPU.Build.0 = Debug|Any CPU
		{008A7BE1-D4AC-4F7A-AA24-7A74D355908D}.Debug|x64.ActiveCfg = Debug|Any CPU
		{008A7BE1-D4AC-4F7A-AA24-7A74D355908D}.Debug|x64.Build.0 = Debug|Any CPU
		{008A7BE1-D4AC-4F7A-AA24-7A74D355908D}.Release|Any CPU.ActiveCfg = Release|Any CPU
		{008A7BE1-D4AC-4F7A-AA24-7A74D355908D}.Release|Any CPU.Build.0 = Release|Any CPU
		{008A7BE1-D4AC-4F7A-AA24-7A74D355908D}.Release|x64.ActiveCfg = Release|Any CPU
		{008A7BE1-D4AC-4F7A-AA24-7A74D355908D}.Release|x64.Build.0 = Release|Any CPU
		{E456C1D6-45C9-4E3A-B60D-05B342A735A7}.Debug|Any CPU.ActiveCfg = Debug|Any CPU
		{E456C1D6-45C9-4E3A-B60D-05B342A735A7}.Debug|Any CPU.Build.0 = Debug|Any CPU
		{E456C1D6-45C9-4E3A-B60D-05B342A735A7}.Debug|x64.ActiveCfg = Debug|Any CPU
		{E456C1D6-45C9-4E3A-B60D-05B342A735A7}.Debug|x64.Build.0 = Debug|Any CPU
		{E456C1D6-45C9-4E3A-B60D-05B342A735A7}.Release|Any CPU.ActiveCfg = Release|Any CPU
		{E456C1D6-45C9-4E3A-B60D-05B342A735A7}.Release|Any CPU.Build.0 = Release|Any CPU
		{E456C1D6-45C9-4E3A-B60D-05B342A735A7}.Release|x64.ActiveCfg = Release|Any CPU
		{E456C1D6-45C9-4E3A-B60D-05B342A735A7}.Release|x64.Build.0 = Release|Any CPU
		{7304827C-326A-47AC-ACB3-AF291BFB0C6F}.Debug|Any CPU.ActiveCfg = Debug|Any CPU
		{7304827C-326A-47AC-ACB3-AF291BFB0C6F}.Debug|Any CPU.Build.0 = Debug|Any CPU
		{7304827C-326A-47AC-ACB3-AF291BFB0C6F}.Debug|x64.ActiveCfg = Debug|Any CPU
		{7304827C-326A-47AC-ACB3-AF291BFB0C6F}.Debug|x64.Build.0 = Debug|Any CPU
		{7304827C-326A-47AC-ACB3-AF291BFB0C6F}.Release|Any CPU.ActiveCfg = Release|Any CPU
		{7304827C-326A-47AC-ACB3-AF291BFB0C6F}.Release|Any CPU.Build.0 = Release|Any CPU
		{7304827C-326A-47AC-ACB3-AF291BFB0C6F}.Release|x64.ActiveCfg = Release|Any CPU
		{7304827C-326A-47AC-ACB3-AF291BFB0C6F}.Release|x64.Build.0 = Release|Any CPU
		{653A3C9B-736B-476D-BC51-F10A318CF014}.Debug|Any CPU.ActiveCfg = Debug|Any CPU
		{653A3C9B-736B-476D-BC51-F10A318CF014}.Debug|Any CPU.Build.0 = Debug|Any CPU
		{653A3C9B-736B-476D-BC51-F10A318CF014}.Debug|x64.ActiveCfg = Debug|Any CPU
		{653A3C9B-736B-476D-BC51-F10A318CF014}.Debug|x64.Build.0 = Debug|Any CPU
		{653A3C9B-736B-476D-BC51-F10A318CF014}.Release|Any CPU.ActiveCfg = Release|Any CPU
		{653A3C9B-736B-476D-BC51-F10A318CF014}.Release|Any CPU.Build.0 = Release|Any CPU
		{653A3C9B-736B-476D-BC51-F10A318CF014}.Release|x64.ActiveCfg = Release|Any CPU
		{653A3C9B-736B-476D-BC51-F10A318CF014}.Release|x64.Build.0 = Release|Any CPU
		{9B918926-C52F-4D94-8FED-7ECE71737645}.Debug|Any CPU.ActiveCfg = Debug|Any CPU
		{9B918926-C52F-4D94-8FED-7ECE71737645}.Debug|Any CPU.Build.0 = Debug|Any CPU
		{9B918926-C52F-4D94-8FED-7ECE71737645}.Debug|x64.ActiveCfg = Debug|Any CPU
		{9B918926-C52F-4D94-8FED-7ECE71737645}.Debug|x64.Build.0 = Debug|Any CPU
		{9B918926-C52F-4D94-8FED-7ECE71737645}.Release|Any CPU.ActiveCfg = Release|Any CPU
		{9B918926-C52F-4D94-8FED-7ECE71737645}.Release|Any CPU.Build.0 = Release|Any CPU
		{9B918926-C52F-4D94-8FED-7ECE71737645}.Release|x64.ActiveCfg = Release|Any CPU
		{9B918926-C52F-4D94-8FED-7ECE71737645}.Release|x64.Build.0 = Release|Any CPU
		{F3A2E39D-DEA1-4286-8B5F-0515D7B9A613}.Debug|Any CPU.ActiveCfg = Debug|Any CPU
		{F3A2E39D-DEA1-4286-8B5F-0515D7B9A613}.Debug|Any CPU.Build.0 = Debug|Any CPU
		{F3A2E39D-DEA1-4286-8B5F-0515D7B9A613}.Debug|x64.ActiveCfg = Debug|Any CPU
		{F3A2E39D-DEA1-4286-8B5F-0515D7B9A613}.Debug|x64.Build.0 = Debug|Any CPU
		{F3A2E39D-DEA1-4286-8B5F-0515D7B9A613}.Release|Any CPU.ActiveCfg = Release|Any CPU
		{F3A2E39D-DEA1-4286-8B5F-0515D7B9A613}.Release|Any CPU.Build.0 = Release|Any CPU
		{F3A2E39D-DEA1-4286-8B5F-0515D7B9A613}.Release|x64.ActiveCfg = Release|Any CPU
		{F3A2E39D-DEA1-4286-8B5F-0515D7B9A613}.Release|x64.Build.0 = Release|Any CPU
		{0A08B986-DE8A-4386-A5E6-602389C3E6F4}.Debug|Any CPU.ActiveCfg = Debug|Any CPU
		{0A08B986-DE8A-4386-A5E6-602389C3E6F4}.Debug|Any CPU.Build.0 = Debug|Any CPU
		{0A08B986-DE8A-4386-A5E6-602389C3E6F4}.Debug|x64.ActiveCfg = Debug|Any CPU
		{0A08B986-DE8A-4386-A5E6-602389C3E6F4}.Debug|x64.Build.0 = Debug|Any CPU
		{0A08B986-DE8A-4386-A5E6-602389C3E6F4}.Release|Any CPU.ActiveCfg = Release|Any CPU
		{0A08B986-DE8A-4386-A5E6-602389C3E6F4}.Release|Any CPU.Build.0 = Release|Any CPU
		{0A08B986-DE8A-4386-A5E6-602389C3E6F4}.Release|x64.ActiveCfg = Release|Any CPU
		{0A08B986-DE8A-4386-A5E6-602389C3E6F4}.Release|x64.Build.0 = Release|Any CPU
		{3283AA5E-40F4-4CEE-8A8E-697A1FE9D577}.Debug|Any CPU.ActiveCfg = Debug|Any CPU
		{3283AA5E-40F4-4CEE-8A8E-697A1FE9D577}.Debug|Any CPU.Build.0 = Debug|Any CPU
		{3283AA5E-40F4-4CEE-8A8E-697A1FE9D577}.Debug|x64.ActiveCfg = Debug|Any CPU
		{3283AA5E-40F4-4CEE-8A8E-697A1FE9D577}.Debug|x64.Build.0 = Debug|Any CPU
		{3283AA5E-40F4-4CEE-8A8E-697A1FE9D577}.Release|Any CPU.ActiveCfg = Release|Any CPU
		{3283AA5E-40F4-4CEE-8A8E-697A1FE9D577}.Release|Any CPU.Build.0 = Release|Any CPU
		{3283AA5E-40F4-4CEE-8A8E-697A1FE9D577}.Release|x64.ActiveCfg = Release|Any CPU
		{3283AA5E-40F4-4CEE-8A8E-697A1FE9D577}.Release|x64.Build.0 = Release|Any CPU
	EndGlobalSection
	GlobalSection(SolutionProperties) = preSolution
		HideSolutionNode = FALSE
	EndGlobalSection
	GlobalSection(NestedProjects) = preSolution
		{2895E2CA-B8C5-46C6-A406-E40155DC31CB} = {EE26BDD8-E577-4309-80DD-BC0F832BEF9C}
		{191E225F-6FC3-404F-97F1-9D351780597C} = {2895E2CA-B8C5-46C6-A406-E40155DC31CB}
		{FA00FE91-55FB-4A01-858C-6E6A4637DF9A} = {2895E2CA-B8C5-46C6-A406-E40155DC31CB}
		{008A7BE1-D4AC-4F7A-AA24-7A74D355908D} = {FA00FE91-55FB-4A01-858C-6E6A4637DF9A}
		{73E0E3AC-7F1F-45A6-8939-18E21008A791} = {2895E2CA-B8C5-46C6-A406-E40155DC31CB}
		{25955940-C9D4-4EE8-8DE2-F603EE422AE8} = {2895E2CA-B8C5-46C6-A406-E40155DC31CB}
		{E456C1D6-45C9-4E3A-B60D-05B342A735A7} = {25955940-C9D4-4EE8-8DE2-F603EE422AE8}
		{41025D56-ECD4-4A59-8840-E120851A7F81} = {2895E2CA-B8C5-46C6-A406-E40155DC31CB}
		{AA570ACC-0A98-473F-9394-B2DD0353E519} = {2895E2CA-B8C5-46C6-A406-E40155DC31CB}
		{7304827C-326A-47AC-ACB3-AF291BFB0C6F} = {AA570ACC-0A98-473F-9394-B2DD0353E519}
		{37E56691-EC8A-4290-8F74-F231272E8C16} = {2895E2CA-B8C5-46C6-A406-E40155DC31CB}
		{0387D9BF-F036-4E75-98F6-5F0F009E14B7} = {2895E2CA-B8C5-46C6-A406-E40155DC31CB}
		{653A3C9B-736B-476D-BC51-F10A318CF014} = {191E225F-6FC3-404F-97F1-9D351780597C}
		{9B918926-C52F-4D94-8FED-7ECE71737645} = {0387D9BF-F036-4E75-98F6-5F0F009E14B7}
		{F3A2E39D-DEA1-4286-8B5F-0515D7B9A613} = {41025D56-ECD4-4A59-8840-E120851A7F81}
		{0A08B986-DE8A-4386-A5E6-602389C3E6F4} = {73E0E3AC-7F1F-45A6-8939-18E21008A791}
		{3283AA5E-40F4-4CEE-8A8E-697A1FE9D577} = {37E56691-EC8A-4290-8F74-F231272E8C16}
	EndGlobalSection
	GlobalSection(ExtensibilityGlobals) = postSolution
		SolutionGuid = {D27C3F7A-9898-410E-B08F-443D940504E0}
	EndGlobalSection
EndGlobal
